
Microsoft Visual Studio Solution File, Format Version 12.00
# Visual Studio 15
VisualStudioVersion = 15.0.26730.16
MinimumVisualStudioVersion = 10.0.40219.1
Project("{FAE04EC0-301F-11D3-BF4B-00C04F79EFBC}") = "WebApplication3", "WebApplication3\WebApplication3.csproj", "{8CF5B9A4-850B-478B-8921-4F7C3585B9F1}"
EndProject
Global
	GlobalSection(SolutionConfigurationPlatforms) = preSolution
		Debug|Any CPU = Debug|Any CPU
		Release|Any CPU = Release|Any CPU
	EndGlobalSection
	GlobalSection(ProjectConfigurationPlatforms) = postSolution
		{8CF5B9A4-850B-478B-8921-4F7C3585B9F1}.Debug|Any CPU.ActiveCfg = Debug|Any CPU
		{8CF5B9A4-850B-478B-8921-4F7C3585B9F1}.Debug|Any CPU.Build.0 = Debug|Any CPU
		{8CF5B9A4-850B-478B-8921-4F7C3585B9F1}.Release|Any CPU.ActiveCfg = Release|Any CPU
		{8CF5B9A4-850B-478B-8921-4F7C3585B9F1}.Release|Any CPU.Build.0 = Release|Any CPU
	EndGlobalSection
	GlobalSection(SolutionProperties) = preSolution
		HideSolutionNode = FALSE
	EndGlobalSection
	GlobalSection(ExtensibilityGlobals) = postSolution
		SolutionGuid = {FE142E4A-2057-4608-BDAB-6E52D76C19C0}
	EndGlobalSection
EndGlobal
